
Microsoft Visual Studio Solution File, Format Version 12.00
# Visual Studio Version 17
VisualStudioVersion = 17.10.34928.147
MinimumVisualStudioVersion = 10.0.40219.1
Project("{9A19103F-16F7-4668-BE54-9A1E7A4F7556}") = "Chapter01", "Chapter01\Chapter01.csproj", "{39CCC735-B124-426B-8A1A-07FB5A0BC628}"
EndProject
Project("{FAE04EC0-301F-11D3-BF4B-00C04F79EFBC}") = "Chapter02", "Chapter02\Chapter02.csproj", "{44C36D89-7C08-4C35-A017-BB6991B7A008}"
EndProject
Global
	GlobalSection(SolutionConfigurationPlatforms) = preSolution
		Debug|Any CPU = Debug|Any CPU
		Release|Any CPU = Release|Any CPU
	EndGlobalSection
	GlobalSection(ProjectConfigurationPlatforms) = postSolution
		{39CCC735-B124-426B-8A1A-07FB5A0BC628}.Debug|Any CPU.ActiveCfg = Debug|Any CPU
		{39CCC735-B124-426B-8A1A-07FB5A0BC628}.Debug|Any CPU.Build.0 = Debug|Any CPU
		{39CCC735-B124-426B-8A1A-07FB5A0BC628}.Release|Any CPU.ActiveCfg = Release|Any CPU
		{39CCC735-B124-426B-8A1A-07FB5A0BC628}.Release|Any CPU.Build.0 = Release|Any CPU
		{44C36D89-7C08-4C35-A017-BB6991B7A008}.Debug|Any CPU.ActiveCfg = Debug|Any CPU
		{44C36D89-7C08-4C35-A017-BB6991B7A008}.Debug|Any CPU.Build.0 = Debug|Any CPU
		{44C36D89-7C08-4C35-A017-BB6991B7A008}.Release|Any CPU.ActiveCfg = Release|Any CPU
		{44C36D89-7C08-4C35-A017-BB6991B7A008}.Release|Any CPU.Build.0 = Release|Any CPU
	EndGlobalSection
	GlobalSection(SolutionProperties) = preSolution
		HideSolutionNode = FALSE
	EndGlobalSection
	GlobalSection(ExtensibilityGlobals) = postSolution
		SolutionGuid = {8037E3AB-166E-4722-8B17-5BE036B55BF6}
	EndGlobalSection
EndGlobal
